
Microsoft Visual Studio Solution File, Format Version 12.00
# Visual Studio Version 17
VisualStudioVersion = 17.3.32811.315
MinimumVisualStudioVersion = 10.0.40219.1
Project("{FAE04EC0-301F-11D3-BF4B-00C04F79EFBC}") = "Ticketing System", "Ticketing System\Ticketing System.csproj", "{15CED61D-21B9-428F-966D-605CEF142538}"
EndProject
Global
	GlobalSection(SolutionConfigurationPlatforms) = preSolution
		Debug|Any CPU = Debug|Any CPU
		Release|Any CPU = Release|Any CPU
	EndGlobalSection
	GlobalSection(ProjectConfigurationPlatforms) = postSolution
		{15CED61D-21B9-428F-966D-605CEF142538}.Debug|Any CPU.ActiveCfg = Debug|Any CPU
		{15CED61D-21B9-428F-966D-605CEF142538}.Debug|Any CPU.Build.0 = Debug|Any CPU
		{15CED61D-21B9-428F-966D-605CEF142538}.Release|Any CPU.ActiveCfg = Release|Any CPU
		{15CED61D-21B9-428F-966D-605CEF142538}.Release|Any CPU.Build.0 = Release|Any CPU
	EndGlobalSection
	GlobalSection(SolutionProperties) = preSolution
		HideSolutionNode = FALSE
	EndGlobalSection
	GlobalSection(ExtensibilityGlobals) = postSolution
		SolutionGuid = {4B97AAEC-59EE-4391-8A5D-FF1F08EE3408}
	EndGlobalSection
EndGlobal
